
Microsoft Visual Studio Solution File, Format Version 12.00
# Visual Studio Version 17
VisualStudioVersion = 17.13.35931.197 d17.13
MinimumVisualStudioVersion = 10.0.40219.1
Project("{FAE04EC0-301F-11D3-BF4B-00C04F79EFBC}") = "School.API", "School.API\School.API.csproj", "{1B524418-8387-4F63-BFBF-4E50A1A2A48F}"
EndProject
Project("{FAE04EC0-301F-11D3-BF4B-00C04F79EFBC}") = "School.Core", "School.Core\School.Core.csproj", "{006CCFE6-78F3-4D4B-834F-6F438C54B2F1}"
EndProject
Project("{FAE04EC0-301F-11D3-BF4B-00C04F79EFBC}") = "School.Infrastructure", "School.Infrastructure\School.Infrastructure.csproj", "{F3B5A0F4-2CAC-4DEF-93CC-5C9226D4D07F}"
EndProject
Global
	GlobalSection(SolutionConfigurationPlatforms) = preSolution
		Debug|Any CPU = Debug|Any CPU
		Release|Any CPU = Release|Any CPU
	EndGlobalSection
	GlobalSection(ProjectConfigurationPlatforms) = postSolution
		{1B524418-8387-4F63-BFBF-4E50A1A2A48F}.Debug|Any CPU.ActiveCfg = Debug|Any CPU
		{1B524418-8387-4F63-BFBF-4E50A1A2A48F}.Debug|Any CPU.Build.0 = Debug|Any CPU
		{1B524418-8387-4F63-BFBF-4E50A1A2A48F}.Release|Any CPU.ActiveCfg = Release|Any CPU
		{1B524418-8387-4F63-BFBF-4E50A1A2A48F}.Release|Any CPU.Build.0 = Release|Any CPU
		{006CCFE6-78F3-4D4B-834F-6F438C54B2F1}.Debug|Any CPU.ActiveCfg = Debug|Any CPU
		{006CCFE6-78F3-4D4B-834F-6F438C54B2F1}.Debug|Any CPU.Build.0 = Debug|Any CPU
		{006CCFE6-78F3-4D4B-834F-6F438C54B2F1}.Release|Any CPU.ActiveCfg = Release|Any CPU
		{006CCFE6-78F3-4D4B-834F-6F438C54B2F1}.Release|Any CPU.Build.0 = Release|Any CPU
		{F3B5A0F4-2CAC-4DEF-93CC-5C9226D4D07F}.Debug|Any CPU.ActiveCfg = Debug|Any CPU
		{F3B5A0F4-2CAC-4DEF-93CC-5C9226D4D07F}.Debug|Any CPU.Build.0 = Debug|Any CPU
		{F3B5A0F4-2CAC-4DEF-93CC-5C9226D4D07F}.Release|Any CPU.ActiveCfg = Release|Any CPU
		{F3B5A0F4-2CAC-4DEF-93CC-5C9226D4D07F}.Release|Any CPU.Build.0 = Release|Any CPU
	EndGlobalSection
	GlobalSection(SolutionProperties) = preSolution
		HideSolutionNode = FALSE
	EndGlobalSection
	GlobalSection(ExtensibilityGlobals) = postSolution
		SolutionGuid = {8B05816D-EB43-45CB-8DAB-6F80EBBE49E7}
	EndGlobalSection
EndGlobal
